
Microsoft Visual Studio Solution File, Format Version 12.00
# Visual Studio Version 17
VisualStudioVersion = 17.0.31903.59
MinimumVisualStudioVersion = 10.0.40219.1
Project("{FAE04EC0-301F-11D3-BF4B-00C04F79EFBC}") = "StandAlonePlan", "StandAlonePlan\StandAlonePlan.csproj", "{3C21C966-D2D4-48A9-AB5E-179B7AF9B2F9}"
EndProject
Project("{FAE04EC0-301F-11D3-BF4B-00C04F79EFBC}") = "StandAlonePlan.Tests", "StandAlonePlan.Tests\StandAlonePlan.Tests.csproj", "{E2225357-2F41-45B1-B878-4358F412F017}"
EndProject
Global
	GlobalSection(SolutionConfigurationPlatforms) = preSolution
		Debug|Any CPU = Debug|Any CPU
		Debug|x64 = Debug|x64
		Debug|x86 = Debug|x86
		Release|Any CPU = Release|Any CPU
		Release|x64 = Release|x64
		Release|x86 = Release|x86
	EndGlobalSection
	GlobalSection(ProjectConfigurationPlatforms) = postSolution
		{3C21C966-D2D4-48A9-AB5E-179B7AF9B2F9}.Debug|Any CPU.ActiveCfg = Debug|Any CPU
		{3C21C966-D2D4-48A9-AB5E-179B7AF9B2F9}.Debug|Any CPU.Build.0 = Debug|Any CPU
		{3C21C966-D2D4-48A9-AB5E-179B7AF9B2F9}.Debug|x64.ActiveCfg = Debug|Any CPU
		{3C21C966-D2D4-48A9-AB5E-179B7AF9B2F9}.Debug|x64.Build.0 = Debug|Any CPU
		{3C21C966-D2D4-48A9-AB5E-179B7AF9B2F9}.Debug|x86.ActiveCfg = Debug|Any CPU
		{3C21C966-D2D4-48A9-AB5E-179B7AF9B2F9}.Debug|x86.Build.0 = Debug|Any CPU
		{3C21C966-D2D4-48A9-AB5E-179B7AF9B2F9}.Release|Any CPU.ActiveCfg = Release|Any CPU
		{3C21C966-D2D4-48A9-AB5E-179B7AF9B2F9}.Release|Any CPU.Build.0 = Release|Any CPU
		{3C21C966-D2D4-48A9-AB5E-179B7AF9B2F9}.Release|x64.ActiveCfg = Release|Any CPU
		{3C21C966-D2D4-48A9-AB5E-179B7AF9B2F9}.Release|x64.Build.0 = Release|Any CPU
		{3C21C966-D2D4-48A9-AB5E-179B7AF9B2F9}.Release|x86.ActiveCfg = Release|Any CPU
		{3C21C966-D2D4-48A9-AB5E-179B7AF9B2F9}.Release|x86.Build.0 = Release|Any CPU
		{E2225357-2F41-45B1-B878-4358F412F017}.Debug|Any CPU.ActiveCfg = Debug|Any CPU
		{E2225357-2F41-45B1-B878-4358F412F017}.Debug|Any CPU.Build.0 = Debug|Any CPU
		{E2225357-2F41-45B1-B878-4358F412F017}.Debug|x64.ActiveCfg = Debug|Any CPU
		{E2225357-2F41-45B1-B878-4358F412F017}.Debug|x64.Build.0 = Debug|Any CPU
		{E2225357-2F41-45B1-B878-4358F412F017}.Debug|x86.ActiveCfg = Debug|Any CPU
		{E2225357-2F41-45B1-B878-4358F412F017}.Debug|x86.Build.0 = Debug|Any CPU
		{E2225357-2F41-45B1-B878-4358F412F017}.Release|Any CPU.ActiveCfg = Release|Any CPU
		{E2225357-2F41-45B1-B878-4358F412F017}.Release|Any CPU.Build.0 = Release|Any CPU
		{E2225357-2F41-45B1-B878-4358F412F017}.Release|x64.ActiveCfg = Release|Any CPU
		{E2225357-2F41-45B1-B878-4358F412F017}.Release|x64.Build.0 = Release|Any CPU
		{E2225357-2F41-45B1-B878-4358F412F017}.Release|x86.ActiveCfg = Release|Any CPU
		{E2225357-2F41-45B1-B878-4358F412F017}.Release|x86.Build.0 = Release|Any CPU
	EndGlobalSection
	GlobalSection(SolutionProperties) = preSolution
		HideSolutionNode = FALSE
	EndGlobalSection
EndGlobal
